<?xml version="1.0" encoding="utf-8"?>
<Project ToolsVersion="4.0" xmlns="http://schemas.microsoft.com/developer/msbuild/2003">
  <ItemGroup>
    <Filter Include="Source Files">
      <UniqueIdentifier>{1bb15902-ec8d-4020-926e-94ca7037b7ec}</UniqueIdentifier>
      <Extensions>cpp;c;cxx;rc;def;r;odl;idl;hpj;bat</Extensions>
    </Filter>
    <Filter Include="Header Files">
      <UniqueIdentifier>{208b23c3-c59a-43d8-902d-8efe121e4fd9}</UniqueIdentifier>
      <Extensions>h;hpp;hxx;hm;inl</Extensions>
    </Filter>
    <Filter Include="Resource Files">
      <UniqueIdentifier>{7d46b720-881b-4ccb-9906-cbde8495a4fc}</UniqueIdentifier>
      <Extensions>ico;cur;bmp;dlg;rc2;rct;bin;rgs;gif;jpg;jpeg;jpe</Extensions>
    </Filter>
  </ItemGroup>
  <ItemGroup>
    <ClCompile Include="CvDIP.cpp">
      <Filter>Source Files</Filter>
    </ClCompile>
    <ClCompile Include="Dib.cpp">
      <Filter>Source Files</Filter>
    </ClCompile>
    <ClCompile Include="DIP1.cpp">
      <Filter>Source Files</Filter>
    </ClCompile>
    <ClCompile Include="DIP1Doc.cpp">
      <Filter>Source Files</Filter>
    </ClCompile>
    <ClCompile Include="DIP1View.cpp">
      <Filter>Source Files</Filter>
    </ClCompile>
    <ClCompile Include="DlgAdColor.cpp">
      <Filter>Source Files</Filter>
    </ClCompile>
    <ClCompile Include="DlgAddNoiseRadio.cpp">
      <Filter>Source Files</Filter>
    </ClCompile>
    <ClCompile Include="DlgBrightChange.cpp">
      <Filter>Source Files</Filter>
    </ClCompile>
    <ClCompile Include="DlgHist.cpp">
      <Filter>Source Files</Filter>
    </ClCompile>
    <ClCompile Include="DlgImageArgument.cpp">
      <Filter>Source Files</Filter>
    </ClCompile>
    <ClCompile Include="DlgLinear.cpp">
      <Filter>Source Files</Filter>
    </ClCompile>
    <ClCompile Include="DlgLog.cpp">
      <Filter>Source Files</Filter>
    </ClCompile>
    <ClCompile Include="DlgMedianFilter.cpp">
      <Filter>Source Files</Filter>
    </ClCompile>
    <ClCompile Include="DlgMosaic.cpp">
      <Filter>Source Files</Filter>
    </ClCompile>
    <ClCompile Include="DlgPower.cpp">
      <Filter>Source Files</Filter>
    </ClCompile>
    <ClCompile Include="DlgTemplateSize.cpp">
      <Filter>Source Files</Filter>
    </ClCompile>
    <ClCompile Include="DlgThre.cpp">
      <Filter>Source Files</Filter>
    </ClCompile>
    <ClCompile Include="DlgTran.cpp">
      <Filter>Source Files</Filter>
    </ClCompile>
    <ClCompile Include="DlgWindowTranslation.cpp">
      <Filter>Source Files</Filter>
    </ClCompile>
    <ClCompile Include="DlgZoom.cpp">
      <Filter>Source Files</Filter>
    </ClCompile>
    <ClCompile Include="MainFrm.cpp">
      <Filter>Source Files</Filter>
    </ClCompile>
    <ClCompile Include="MyDib.cpp">
      <Filter>Source Files</Filter>
    </ClCompile>
    <ClCompile Include="PinYuLuBoDib.cpp">
      <Filter>Source Files</Filter>
    </ClCompile>
    <ClCompile Include="StdAfx.cpp">
      <Filter>Source Files</Filter>
    </ClCompile>
  </ItemGroup>
  <ItemGroup>
    <ResourceCompile Include="DIP1.rc">
      <Filter>Source Files</Filter>
    </ResourceCompile>
  </ItemGroup>
  <ItemGroup>
    <ClInclude Include="CvDIP.h">
      <Filter>Header Files</Filter>
    </ClInclude>
    <ClInclude Include="Dib.h">
      <Filter>Header Files</Filter>
    </ClInclude>
    <ClInclude Include="DIP1.h">
      <Filter>Header Files</Filter>
    </ClInclude>
    <ClInclude Include="DIP1Doc.h">
      <Filter>Header Files</Filter>
    </ClInclude>
    <ClInclude Include="DIP1View.h">
      <Filter>Header Files</Filter>
    </ClInclude>
    <ClInclude Include="DlgAdColor.h">
      <Filter>Header Files</Filter>
    </ClInclude>
    <ClInclude Include="DlgAddNoiseRadio.h">
      <Filter>Header Files</Filter>
    </ClInclude>
    <ClInclude Include="DlgBrightChange.h">
      <Filter>Header Files</Filter>
    </ClInclude>
    <ClInclude Include="DlgHist.h">
      <Filter>Header Files</Filter>
    </ClInclude>
    <ClInclude Include="DlgImageArgument.h">
      <Filter>Header Files</Filter>
    </ClInclude>
    <ClInclude Include="DlgLinear.h">
      <Filter>Header Files</Filter>
    </ClInclude>
    <ClInclude Include="DlgLog.h">
      <Filter>Header Files</Filter>
    </ClInclude>
    <ClInclude Include="DlgMedianFilter.h">
      <Filter>Header Files</Filter>
    </ClInclude>
    <ClInclude Include="DlgMosaic.h">
      <Filter>Header Files</Filter>
    </ClInclude>
    <ClInclude Include="DlgPower.h">
      <Filter>Header Files</Filter>
    </ClInclude>
    <ClInclude Include="DlgTemplateSize.h">
      <Filter>Header Files</Filter>
    </ClInclude>
    <ClInclude Include="DlgThre.h">
      <Filter>Header Files</Filter>
    </ClInclude>
    <ClInclude Include="DlgTran.h">
      <Filter>Header Files</Filter>
    </ClInclude>
    <ClInclude Include="DlgWindowTranslation.h">
      <Filter>Header Files</Filter>
    </ClInclude>
    <ClInclude Include="DlgZoom.h">
      <Filter>Header Files</Filter>
    </ClInclude>
    <ClInclude Include="..\DIP1_Ver1\fitsio.h">
      <Filter>Header Files</Filter>
    </ClInclude>
    <ClInclude Include="function.h">
      <Filter>Header Files</Filter>
    </ClInclude>
    <ClInclude Include="InterfaceFuc.h">
      <Filter>Header Files</Filter>
    </ClInclude>
    <ClInclude Include="MainFrm.h">
      <Filter>Header Files</Filter>
    </ClInclude>
    <ClInclude Include="MyDib.h">
      <Filter>Header Files</Filter>
    </ClInclude>
    <ClInclude Include="PinYuLuBoDib.h">
      <Filter>Header Files</Filter>
    </ClInclude>
    <ClInclude Include="Resource.h">
      <Filter>Header Files</Filter>
    </ClInclude>
    <ClInclude Include="StdAfx.h">
      <Filter>Header Files</Filter>
    </ClInclude>
  </ItemGroup>
  <ItemGroup>
    <Image Include="res\DIP1.ico">
      <Filter>Resource Files</Filter>
    </Image>
    <Image Include="res\DIP1Doc.ico">
      <Filter>Resource Files</Filter>
    </Image>
    <Image Include="res\idr_main.ico">
      <Filter>Resource Files</Filter>
    </Image>
    <Image Include="res\Toolbar.bmp">
      <Filter>Resource Files</Filter>
    </Image>
  </ItemGroup>
  <ItemGroup>
    <Text Include="ReadMe.txt" />
  </ItemGroup>
  <ItemGroup>
    <CustomBuild Include="res\cursor1.cur">
      <Filter>Resource Files</Filter>
    </CustomBuild>
    <CustomBuild Include="res\DIP1.rc2">
      <Filter>Resource Files</Filter>
    </CustomBuild>
  </ItemGroup>
</Project>